
Microsoft Visual Studio Solution File, Format Version 12.00
# Visual Studio 15
Project("{FAE04EC0-301F-11D3-BF4B-00C04F79EFBC}") = "SolidStrategy", "SolidStrategy\SolidStrategy.csproj", "{B8C62B24-45D0-44F9-B2E5-F5F17484AE32}"
EndProject
Global
	GlobalSection(SolutionConfigurationPlatforms) = preSolution
		Debug|Any CPU = Debug|Any CPU
		Release|Any CPU = Release|Any CPU
	EndGlobalSection
	GlobalSection(ProjectConfigurationPlatforms) = postSolution
		{B8C62B24-45D0-44F9-B2E5-F5F17484AE32}.Debug|Any CPU.ActiveCfg = Debug|Any CPU
		{B8C62B24-45D0-44F9-B2E5-F5F17484AE32}.Debug|Any CPU.Build.0 = Debug|Any CPU
		{B8C62B24-45D0-44F9-B2E5-F5F17484AE32}.Release|Any CPU.ActiveCfg = Release|Any CPU
		{B8C62B24-45D0-44F9-B2E5-F5F17484AE32}.Release|Any CPU.Build.0 = Release|Any CPU
	EndGlobalSection
EndGlobal
