
Microsoft Visual Studio Solution File, Format Version 12.00
# Visual Studio 15
Project("{FAE04EC0-301F-11D3-BF4B-00C04F79EFBC}") = "ExtractMethod", "ExtractMethod\ExtractMethod.csproj", "{AB3AAA82-CFC3-424D-8D67-4445453CAC20}"
EndProject
Global
	GlobalSection(SolutionConfigurationPlatforms) = preSolution
		Debug|Any CPU = Debug|Any CPU
		Release|Any CPU = Release|Any CPU
	EndGlobalSection
	GlobalSection(ProjectConfigurationPlatforms) = postSolution
		{AB3AAA82-CFC3-424D-8D67-4445453CAC20}.Debug|Any CPU.ActiveCfg = Debug|Any CPU
		{AB3AAA82-CFC3-424D-8D67-4445453CAC20}.Debug|Any CPU.Build.0 = Debug|Any CPU
		{AB3AAA82-CFC3-424D-8D67-4445453CAC20}.Release|Any CPU.ActiveCfg = Release|Any CPU
		{AB3AAA82-CFC3-424D-8D67-4445453CAC20}.Release|Any CPU.Build.0 = Release|Any CPU
	EndGlobalSection
EndGlobal
